
Microsoft Visual Studio Solution File, Format Version 12.00
# Visual Studio 2013
VisualStudioVersion = 12.0.31101.0
MinimumVisualStudioVersion = 10.0.40219.1
Project("{FAE04EC0-301F-11D3-BF4B-00C04F79EFBC}") = "EmailWAtt", "EmailWAtt\EmailWAtt.csproj", "{040BAD65-EE85-49E3-8D40-31064A3140AA}"
EndProject
Global
	GlobalSection(SolutionConfigurationPlatforms) = preSolution
		Debug|Any CPU = Debug|Any CPU
		Release|Any CPU = Release|Any CPU
	EndGlobalSection
	GlobalSection(ProjectConfigurationPlatforms) = postSolution
		{040BAD65-EE85-49E3-8D40-31064A3140AA}.Debug|Any CPU.ActiveCfg = Debug|Any CPU
		{040BAD65-EE85-49E3-8D40-31064A3140AA}.Debug|Any CPU.Build.0 = Debug|Any CPU
		{040BAD65-EE85-49E3-8D40-31064A3140AA}.Release|Any CPU.ActiveCfg = Release|Any CPU
		{040BAD65-EE85-49E3-8D40-31064A3140AA}.Release|Any CPU.Build.0 = Release|Any CPU
	EndGlobalSection
	GlobalSection(SolutionProperties) = preSolution
		HideSolutionNode = FALSE
	EndGlobalSection
EndGlobal
